{
  "name": "homelab",
  "version": "1.0.0",
  "lockfileVersion": 3,
  "requires": true,
  "packages": {
    "": {
      "name": "homelab",
      "version": "1.0.0",
      "hasInstallScript": true,
      "license": "MIT",
      "devDependencies": {
        "envmcp": "^0.2.1"
      }
    },
    "node_modules/envmcp": {
      "version": "0.2.1",
      "resolved": "https://registry.npmjs.org/envmcp/-/envmcp-0.2.1.tgz",
      "integrity": "sha512-1WN8f7oID/WY+WAHPBIYQXRVDgzoqCJcXVVJi2esTHIa6l5TtW77FU5nI/6nQuVJGvt9RK4DblBoCw51x4JeFw==",
      "dev": true,
      "license": "MIT",
      "bin": {
        "envmcp": "dist/cli.js"
      },
      "engines": {
        "node": ">=14.0.0"
      }
    }
  }
}
